<Solution>
  <Project Path="Digital-Scholarship-Management-System.API/Digital-Scholarship-Management-System.API.csproj" />
  <Project Path="Dsms.Auth/Dsms.Auth.csproj" Id="4e1c57c5-af86-4d5f-9b69-7f058a64acda" />
  <Project Path="Dsms.Shared/Dsms.Shared.csproj" Id="48ff7f50-8476-47ab-8fbc-ffa2a474a2f4" />
  <Project Path="Dsms.Student/Dsms.Student.csproj" Id="ea404c4c-8c97-4dd0-a7bd-2f0e475344bb" />
</Solution>
